
Microsoft Visual Studio Solution File, Format Version 12.00
# Visual Studio 2013
VisualStudioVersion = 12.0.30501.0
MinimumVisualStudioVersion = 10.0.40219.1
Project("{FAE04EC0-301F-11D3-BF4B-00C04F79EFBC}") = "Downloader", "Downloader\Downloader.csproj", "{E6C6091F-FAF9-47CE-A4B3-170F4B062007}"
EndProject
Project("{FAE04EC0-301F-11D3-BF4B-00C04F79EFBC}") = "DownloadManager", "DownloadManager\DownloadManager\DownloadManager.csproj", "{E791C2C1-0221-463E-8224-A31080EDD507}"
EndProject
Global
	GlobalSection(SolutionConfigurationPlatforms) = preSolution
		Debug|Any CPU = Debug|Any CPU
		Release|Any CPU = Release|Any CPU
	EndGlobalSection
	GlobalSection(ProjectConfigurationPlatforms) = postSolution
		{E6C6091F-FAF9-47CE-A4B3-170F4B062007}.Debug|Any CPU.ActiveCfg = Debug|Any CPU
		{E6C6091F-FAF9-47CE-A4B3-170F4B062007}.Debug|Any CPU.Build.0 = Debug|Any CPU
		{E6C6091F-FAF9-47CE-A4B3-170F4B062007}.Release|Any CPU.ActiveCfg = Release|Any CPU
		{E6C6091F-FAF9-47CE-A4B3-170F4B062007}.Release|Any CPU.Build.0 = Release|Any CPU
		{E791C2C1-0221-463E-8224-A31080EDD507}.Debug|Any CPU.ActiveCfg = Debug|Any CPU
		{E791C2C1-0221-463E-8224-A31080EDD507}.Debug|Any CPU.Build.0 = Debug|Any CPU
		{E791C2C1-0221-463E-8224-A31080EDD507}.Release|Any CPU.ActiveCfg = Release|Any CPU
		{E791C2C1-0221-463E-8224-A31080EDD507}.Release|Any CPU.Build.0 = Release|Any CPU
	EndGlobalSection
	GlobalSection(SolutionProperties) = preSolution
		HideSolutionNode = FALSE
	EndGlobalSection
EndGlobal
